
Microsoft Visual Studio Solution File, Format Version 12.00
# Visual Studio 15
VisualStudioVersion = 15.0.27130.2027
MinimumVisualStudioVersion = 10.0.40219.1
Project("{FAE04EC0-301F-11D3-BF4B-00C04F79EFBC}") = "Lab02", "Lab02\Lab02.csproj", "{A4A73CA3-3276-4CE3-944B-9B85DC514FE0}"
EndProject
Project("{FAE04EC0-301F-11D3-BF4B-00C04F79EFBC}") = "GameEngine", "GameEngine\GameEngine.csproj", "{11C13299-05AF-4445-925C-45A3F0A629C1}"
EndProject
Project("{FAE04EC0-301F-11D3-BF4B-00C04F79EFBC}") = "Lab03", "Game1\Lab03.csproj", "{4E7E6DD4-52F0-4A04-8DA2-1AC7C9F764CF}"
EndProject
Project("{FAE04EC0-301F-11D3-BF4B-00C04F79EFBC}") = "Lab04", "Lab04\Lab04.csproj", "{B266578D-E0E9-4044-A382-FDB85FE23464}"
EndProject
Project("{FAE04EC0-301F-11D3-BF4B-00C04F79EFBC}") = "Assignment1", "Assignment1\Assignment1.csproj", "{7C263B75-D288-43F7-9AA3-442C242F4B4F}"
EndProject
Project("{FAE04EC0-301F-11D3-BF4B-00C04F79EFBC}") = "Lab05", "Lab05\Lab05.csproj", "{876673AA-3ABD-4EB0-A4DC-F7EC7FDDE5CD}"
EndProject
Project("{FAE04EC0-301F-11D3-BF4B-00C04F79EFBC}") = "Lab06", "Lab06\Lab06.csproj", "{4E37BA11-B204-492A-86FA-58BC4A6A67F1}"
EndProject
Project("{FAE04EC0-301F-11D3-BF4B-00C04F79EFBC}") = "Lab07", "Lab07\Lab07.csproj", "{6A4E3808-B7E2-4DF7-98AE-ABB4DCBCAD7D}"
EndProject
Project("{FAE04EC0-301F-11D3-BF4B-00C04F79EFBC}") = "Lab08", "Lab08\Lab08.csproj", "{3A7610AC-4BD6-4BA7-BBAC-A215AE71FFA4}"
EndProject
Project("{FAE04EC0-301F-11D3-BF4B-00C04F79EFBC}") = "Assignment3", "Assignment3\Assignment3.csproj", "{ED4BC753-B9E7-4A6F-9A0F-6F6C360D03F1}"
EndProject
Project("{FAE04EC0-301F-11D3-BF4B-00C04F79EFBC}") = "Lab09", "Lab09\Lab09.csproj", "{DF8D453E-50D1-42F0-9736-182FD4B231D7}"
EndProject
Project("{FAE04EC0-301F-11D3-BF4B-00C04F79EFBC}") = "Assignment4", "Assignment4\Assignment4.csproj", "{362669E0-143C-4075-B945-DD84DA36EBD4}"
EndProject
Project("{FAE04EC0-301F-11D3-BF4B-00C04F79EFBC}") = "Lab10", "Lab10\Lab10.csproj", "{A9773B60-A5F2-4A69-905A-CFFE3D675294}"
EndProject
Project("{FAE04EC0-301F-11D3-BF4B-00C04F79EFBC}") = "Lab11", "Lab11\Lab11.csproj", "{9FF6AC04-CE3E-4670-A491-67F627067769}"
EndProject
Project("{FAE04EC0-301F-11D3-BF4B-00C04F79EFBC}") = "Assignment5", "Assignment5\Assignment5.csproj", "{727A4D04-83D6-4464-B486-85C22978D6C0}"
EndProject
Project("{FAE04EC0-301F-11D3-BF4B-00C04F79EFBC}") = "FinalProject", "FinalProject\FinalProject.csproj", "{17A7F49D-DFF2-45AA-9AAA-5C219F39EE64}"
EndProject
Global
	GlobalSection(SolutionConfigurationPlatforms) = preSolution
		Debug|x86 = Debug|x86
		Release|x86 = Release|x86
	EndGlobalSection
	GlobalSection(ProjectConfigurationPlatforms) = postSolution
		{A4A73CA3-3276-4CE3-944B-9B85DC514FE0}.Debug|x86.ActiveCfg = Debug|x86
		{A4A73CA3-3276-4CE3-944B-9B85DC514FE0}.Debug|x86.Build.0 = Debug|x86
		{A4A73CA3-3276-4CE3-944B-9B85DC514FE0}.Release|x86.ActiveCfg = Release|x86
		{A4A73CA3-3276-4CE3-944B-9B85DC514FE0}.Release|x86.Build.0 = Release|x86
		{11C13299-05AF-4445-925C-45A3F0A629C1}.Debug|x86.ActiveCfg = Debug|x86
		{11C13299-05AF-4445-925C-45A3F0A629C1}.Debug|x86.Build.0 = Debug|x86
		{11C13299-05AF-4445-925C-45A3F0A629C1}.Release|x86.ActiveCfg = Release|x86
		{11C13299-05AF-4445-925C-45A3F0A629C1}.Release|x86.Build.0 = Release|x86
		{4E7E6DD4-52F0-4A04-8DA2-1AC7C9F764CF}.Debug|x86.ActiveCfg = Debug|x86
		{4E7E6DD4-52F0-4A04-8DA2-1AC7C9F764CF}.Debug|x86.Build.0 = Debug|x86
		{4E7E6DD4-52F0-4A04-8DA2-1AC7C9F764CF}.Release|x86.ActiveCfg = Release|x86
		{4E7E6DD4-52F0-4A04-8DA2-1AC7C9F764CF}.Release|x86.Build.0 = Release|x86
		{B266578D-E0E9-4044-A382-FDB85FE23464}.Debug|x86.ActiveCfg = Debug|x86
		{B266578D-E0E9-4044-A382-FDB85FE23464}.Debug|x86.Build.0 = Debug|x86
		{B266578D-E0E9-4044-A382-FDB85FE23464}.Release|x86.ActiveCfg = Release|x86
		{B266578D-E0E9-4044-A382-FDB85FE23464}.Release|x86.Build.0 = Release|x86
		{7C263B75-D288-43F7-9AA3-442C242F4B4F}.Debug|x86.ActiveCfg = Debug|x86
		{7C263B75-D288-43F7-9AA3-442C242F4B4F}.Debug|x86.Build.0 = Debug|x86
		{7C263B75-D288-43F7-9AA3-442C242F4B4F}.Release|x86.ActiveCfg = Release|x86
		{7C263B75-D288-43F7-9AA3-442C242F4B4F}.Release|x86.Build.0 = Release|x86
		{876673AA-3ABD-4EB0-A4DC-F7EC7FDDE5CD}.Debug|x86.ActiveCfg = Debug|x86
		{876673AA-3ABD-4EB0-A4DC-F7EC7FDDE5CD}.Debug|x86.Build.0 = Debug|x86
		{876673AA-3ABD-4EB0-A4DC-F7EC7FDDE5CD}.Release|x86.ActiveCfg = Release|x86
		{876673AA-3ABD-4EB0-A4DC-F7EC7FDDE5CD}.Release|x86.Build.0 = Release|x86
		{4E37BA11-B204-492A-86FA-58BC4A6A67F1}.Debug|x86.ActiveCfg = Debug|x86
		{4E37BA11-B204-492A-86FA-58BC4A6A67F1}.Debug|x86.Build.0 = Debug|x86
		{4E37BA11-B204-492A-86FA-58BC4A6A67F1}.Release|x86.ActiveCfg = Release|x86
		{4E37BA11-B204-492A-86FA-58BC4A6A67F1}.Release|x86.Build.0 = Release|x86
		{6A4E3808-B7E2-4DF7-98AE-ABB4DCBCAD7D}.Debug|x86.ActiveCfg = Debug|x86
		{6A4E3808-B7E2-4DF7-98AE-ABB4DCBCAD7D}.Debug|x86.Build.0 = Debug|x86
		{6A4E3808-B7E2-4DF7-98AE-ABB4DCBCAD7D}.Release|x86.ActiveCfg = Release|x86
		{6A4E3808-B7E2-4DF7-98AE-ABB4DCBCAD7D}.Release|x86.Build.0 = Release|x86
		{3A7610AC-4BD6-4BA7-BBAC-A215AE71FFA4}.Debug|x86.ActiveCfg = Debug|x86
		{3A7610AC-4BD6-4BA7-BBAC-A215AE71FFA4}.Debug|x86.Build.0 = Debug|x86
		{3A7610AC-4BD6-4BA7-BBAC-A215AE71FFA4}.Release|x86.ActiveCfg = Release|x86
		{3A7610AC-4BD6-4BA7-BBAC-A215AE71FFA4}.Release|x86.Build.0 = Release|x86
		{ED4BC753-B9E7-4A6F-9A0F-6F6C360D03F1}.Debug|x86.ActiveCfg = Debug|x86
		{ED4BC753-B9E7-4A6F-9A0F-6F6C360D03F1}.Debug|x86.Build.0 = Debug|x86
		{ED4BC753-B9E7-4A6F-9A0F-6F6C360D03F1}.Release|x86.ActiveCfg = Release|x86
		{ED4BC753-B9E7-4A6F-9A0F-6F6C360D03F1}.Release|x86.Build.0 = Release|x86
		{DF8D453E-50D1-42F0-9736-182FD4B231D7}.Debug|x86.ActiveCfg = Debug|x86
		{DF8D453E-50D1-42F0-9736-182FD4B231D7}.Debug|x86.Build.0 = Debug|x86
		{DF8D453E-50D1-42F0-9736-182FD4B231D7}.Release|x86.ActiveCfg = Release|x86
		{DF8D453E-50D1-42F0-9736-182FD4B231D7}.Release|x86.Build.0 = Release|x86
		{362669E0-143C-4075-B945-DD84DA36EBD4}.Debug|x86.ActiveCfg = Debug|x86
		{362669E0-143C-4075-B945-DD84DA36EBD4}.Debug|x86.Build.0 = Debug|x86
		{362669E0-143C-4075-B945-DD84DA36EBD4}.Release|x86.ActiveCfg = Release|x86
		{362669E0-143C-4075-B945-DD84DA36EBD4}.Release|x86.Build.0 = Release|x86
		{A9773B60-A5F2-4A69-905A-CFFE3D675294}.Debug|x86.ActiveCfg = Debug|x86
		{A9773B60-A5F2-4A69-905A-CFFE3D675294}.Debug|x86.Build.0 = Debug|x86
		{A9773B60-A5F2-4A69-905A-CFFE3D675294}.Release|x86.ActiveCfg = Release|x86
		{A9773B60-A5F2-4A69-905A-CFFE3D675294}.Release|x86.Build.0 = Release|x86
		{9FF6AC04-CE3E-4670-A491-67F627067769}.Debug|x86.ActiveCfg = Debug|x86
		{9FF6AC04-CE3E-4670-A491-67F627067769}.Debug|x86.Build.0 = Debug|x86
		{9FF6AC04-CE3E-4670-A491-67F627067769}.Release|x86.ActiveCfg = Release|x86
		{9FF6AC04-CE3E-4670-A491-67F627067769}.Release|x86.Build.0 = Release|x86
		{727A4D04-83D6-4464-B486-85C22978D6C0}.Debug|x86.ActiveCfg = Debug|x86
		{727A4D04-83D6-4464-B486-85C22978D6C0}.Debug|x86.Build.0 = Debug|x86
		{727A4D04-83D6-4464-B486-85C22978D6C0}.Release|x86.ActiveCfg = Release|x86
		{727A4D04-83D6-4464-B486-85C22978D6C0}.Release|x86.Build.0 = Release|x86
		{17A7F49D-DFF2-45AA-9AAA-5C219F39EE64}.Debug|x86.ActiveCfg = Debug|x86
		{17A7F49D-DFF2-45AA-9AAA-5C219F39EE64}.Debug|x86.Build.0 = Debug|x86
		{17A7F49D-DFF2-45AA-9AAA-5C219F39EE64}.Release|x86.ActiveCfg = Release|x86
		{17A7F49D-DFF2-45AA-9AAA-5C219F39EE64}.Release|x86.Build.0 = Release|x86
	EndGlobalSection
	GlobalSection(SolutionProperties) = preSolution
		HideSolutionNode = FALSE
	EndGlobalSection
	GlobalSection(ExtensibilityGlobals) = postSolution
		SolutionGuid = {6F45D85D-B685-438A-8805-13512396CFB2}
	EndGlobalSection
EndGlobal
